
Microsoft Visual Studio Solution File, Format Version 11.00
# Visual Studio 2010
Project("{FAE04EC0-301F-11D3-BF4B-00C04F79EFBC}") = "Sudoku", "Sudoku\Sudoku.csproj", "{FE66A758-C416-4674-B70A-0CC5E883FB61}"
EndProject
Global
	GlobalSection(SolutionConfigurationPlatforms) = preSolution
		Debug|Any CPU = Debug|Any CPU
		Release|Any CPU = Release|Any CPU
	EndGlobalSection
	GlobalSection(ProjectConfigurationPlatforms) = postSolution
		{FE66A758-C416-4674-B70A-0CC5E883FB61}.Debug|Any CPU.ActiveCfg = Debug|Any CPU
		{FE66A758-C416-4674-B70A-0CC5E883FB61}.Debug|Any CPU.Build.0 = Debug|Any CPU
		{FE66A758-C416-4674-B70A-0CC5E883FB61}.Release|Any CPU.ActiveCfg = Release|Any CPU
		{FE66A758-C416-4674-B70A-0CC5E883FB61}.Release|Any CPU.Build.0 = Release|Any CPU
	EndGlobalSection
	GlobalSection(MonoDevelopProperties) = preSolution
		StartupItem = Sudoku\Sudoku.csproj
	EndGlobalSection
EndGlobal
